version = 1
revision = 3
requires-python = ">=3.14"

[[package]]
name = "chardet"
version = "7.4.0.post2"
source = { registry = "https://pypi.org/simple" }
sdist = { url = "https://files.pythonhosted.org/packages/03/4b/1fe1ade6b4d33abff0224b45a8310775b04308668ad1bdef725af8e3fcaa/chardet-7.4.0.post2.tar.gz", hash = "sha256:21a6b5ca695252c03385dcfcc8b55c27907f1fe80838aa171b1ff4e356a1bb67", size = 767694, upload-time = "2026-03-29T18:07:23.19Z" }
wheels = [
    { url = "https://files.pythonhosted.org/packages/b2/1e/8b5d54ecc873e828e9b91cddfce6bf5a058d7bb3d64007cfbbbc872b0bda/chardet-7.4.0.post2-cp314-cp314-macosx_10_15_x86_64.whl", hash = "sha256:5862b17677f7e8fcee4e37fe641f01d30762e4b075ac37ce9584e4407896e2d9", size = 853887, upload-time = "2026-03-29T18:07:12.156Z" },
    { url = "https://files.pythonhosted.org/packages/26/17/8c2cf762c876b04036e561d2a27df8a6305435db1cb584f71c356e319c40/chardet-7.4.0.post2-cp314-cp314-macosx_11_0_arm64.whl", hash = "sha256:22d05c4b7e721d5330d99ef4a6f6233a9de58ae6f2275c21a098bedd778a6cb7", size = 838555, upload-time = "2026-03-29T18:07:13.689Z" },
    { url = "https://files.pythonhosted.org/packages/3b/21/51fb8cfbcf2f1acc7c03776f4452f64ff2b9051505b38bc9e2a3941af330/chardet-7.4.0.post2-cp314-cp314-manylinux2014_aarch64.manylinux_2_17_aarch64.manylinux_2_28_aarch64.whl", hash = "sha256:a035d407f762c21eb77069982425eb403e518dd758617aa43bf11d0d2203a1b6", size = 861305, upload-time = "2026-03-29T18:07:15.194Z" },
    { url = "https://files.pythonhosted.org/packages/fb/b6/13cc503f45beeb1117fc9c83f294df16ebce5d75eac9f0cefb8cce4357a1/chardet-7.4.0.post2-cp314-cp314-manylinux2014_x86_64.manylinux_2_17_x86_64.manylinux_2_28_x86_64.whl", hash = "sha256:2adfa7390e69cb5ed499b54978d31f6d476788d07d83da3426811181b7ca7682", size = 868868, upload-time = "2026-03-29T18:07:16.781Z" },
    { url = "https://files.pythonhosted.org/packages/30/ca/f1ab73f8d431c5257ad536956992513a5c135c53cf2a3dc94b8a45f83082/chardet-7.4.0.post2-cp314-cp314-manylinux_2_31_riscv64.manylinux_2_39_riscv64.whl", hash = "sha256:2345f20ea67cdadddb778b2bc31e2defc2a85ae027931f9ad6ab84fd5d345320", size = 863417, upload-time = "2026-03-29T18:07:18.467Z" },
    { url = "https://files.pythonhosted.org/packages/1a/cc/d2918dc6d110cf585a30ee11dbdcfa56a2b2fbf16e2b4117fe8bf800f320/chardet-7.4.0.post2-cp314-cp314-win_amd64.whl", hash = "sha256:52602972d4815047cee262551bc383ab394aa145f5ca9ee10d0a53d27965882e", size = 919100, upload-time = "2026-03-29T18:07:20.312Z" },
    { url = "https://files.pythonhosted.org/packages/94/d2/22ac0b5b832bb9d2f29311dcded6c09ad0c32c23e3e53a8033aad5eb8652/chardet-7.4.0.post2-py3-none-any.whl", hash = "sha256:e0c9c6b5c296c0e5197bc8876fcc04d58a6ddfba18399e598ba353aba28b038e", size = 625322, upload-time = "2026-03-29T18:07:21.81Z" },
]

[[package]]
name = "test"
version = "0.1.0"
source = { virtual = "." }
dependencies = [
    { name = "chardet" },
]

[package.metadata]
requires-dist = [{ name = "chardet", specifier = ">=7.4.0.post2" }]
